
Microsoft Visual Studio Solution File, Format Version 12.00
# Visual Studio Version 17
VisualStudioVersion = 17.9.34616.47
MinimumVisualStudioVersion = 10.0.40219.1
Project("{FAE04EC0-301F-11D3-BF4B-00C04F79EFBC}") = "MVC2", "MVC2\MVC2.csproj", "{6558D4EE-AD0D-40DF-9CD5-50FC94C0A8A1}"
EndProject
Global
	GlobalSection(SolutionConfigurationPlatforms) = preSolution
		Debug|Any CPU = Debug|Any CPU
		Release|Any CPU = Release|Any CPU
	EndGlobalSection
	GlobalSection(ProjectConfigurationPlatforms) = postSolution
		{6558D4EE-AD0D-40DF-9CD5-50FC94C0A8A1}.Debug|Any CPU.ActiveCfg = Debug|Any CPU
		{6558D4EE-AD0D-40DF-9CD5-50FC94C0A8A1}.Debug|Any CPU.Build.0 = Debug|Any CPU
		{6558D4EE-AD0D-40DF-9CD5-50FC94C0A8A1}.Release|Any CPU.ActiveCfg = Release|Any CPU
		{6558D4EE-AD0D-40DF-9CD5-50FC94C0A8A1}.Release|Any CPU.Build.0 = Release|Any CPU
	EndGlobalSection
	GlobalSection(SolutionProperties) = preSolution
		HideSolutionNode = FALSE
	EndGlobalSection
	GlobalSection(ExtensibilityGlobals) = postSolution
		SolutionGuid = {A1D09E8A-0A54-4642-9C63-A40863293FF0}
	EndGlobalSection
EndGlobal
